
Microsoft Visual Studio Solution File, Format Version 12.00
# Visual Studio 15
VisualStudioVersion = 15.0.27004.2005
MinimumVisualStudioVersion = 10.0.40219.1
Project("{FAE04EC0-301F-11D3-BF4B-00C04F79EFBC}") = "Compras", "Compras\Compras.csproj", "{0ACE502E-0722-45EB-9E18-44DF9B3D521B}"
EndProject
Project("{FAE04EC0-301F-11D3-BF4B-00C04F79EFBC}") = "Classes", "Classes\Classes.csproj", "{8EF88366-093B-494A-8401-45429E113E22}"
EndProject
Project("{2150E333-8FDC-42A3-9474-1A3956D46DE8}") = "ScriptsSQL", "ScriptsSQL", "{7691D037-1E6C-4BB7-816D-695FF8D696C4}"
	ProjectSection(SolutionItems) = preProject
		..\..\..\Desktop\ScriptsSQL_Compras.sql = ..\..\..\Desktop\ScriptsSQL_Compras.sql
	EndProjectSection
EndProject
Global
	GlobalSection(SolutionConfigurationPlatforms) = preSolution
		Debug|Any CPU = Debug|Any CPU
		Release|Any CPU = Release|Any CPU
	EndGlobalSection
	GlobalSection(ProjectConfigurationPlatforms) = postSolution
		{0ACE502E-0722-45EB-9E18-44DF9B3D521B}.Debug|Any CPU.ActiveCfg = Debug|Any CPU
		{0ACE502E-0722-45EB-9E18-44DF9B3D521B}.Debug|Any CPU.Build.0 = Debug|Any CPU
		{0ACE502E-0722-45EB-9E18-44DF9B3D521B}.Release|Any CPU.ActiveCfg = Release|Any CPU
		{0ACE502E-0722-45EB-9E18-44DF9B3D521B}.Release|Any CPU.Build.0 = Release|Any CPU
		{8EF88366-093B-494A-8401-45429E113E22}.Debug|Any CPU.ActiveCfg = Debug|Any CPU
		{8EF88366-093B-494A-8401-45429E113E22}.Debug|Any CPU.Build.0 = Debug|Any CPU
		{8EF88366-093B-494A-8401-45429E113E22}.Release|Any CPU.ActiveCfg = Release|Any CPU
		{8EF88366-093B-494A-8401-45429E113E22}.Release|Any CPU.Build.0 = Release|Any CPU
	EndGlobalSection
	GlobalSection(SolutionProperties) = preSolution
		HideSolutionNode = FALSE
	EndGlobalSection
	GlobalSection(ExtensibilityGlobals) = postSolution
		SolutionGuid = {99978C8E-E5EC-41E7-A74B-6754F88BF5F6}
	EndGlobalSection
EndGlobal
